// !$*UTF8*$!
{
	archiveVersion = 1;
	classes = {
	};
	objectVersion = 56;
	objects = {

/* Begin PBXBuildFile section */
		1B30D83A2BFB39160017D136 /* AppDelegate.swift in Sources */ = {isa = PBXBuildFile; fileRef = 1B30D8392BFB39160017D136 /* AppDelegate.swift */; };
		1B30D83C2BFB39160017D136 /* SceneDelegate.swift in Sources */ = {isa = PBXBuildFile; fileRef = 1B30D83B2BFB39160017D136 /* SceneDelegate.swift */; };
		1B30D83E2BFB39160017D136 /* ViewController.swift in Sources */ = {isa = PBXBuildFile; fileRef = 1B30D83D2BFB39160017D136 /* ViewController.swift */; };
		1B30D8412BFB39160017D136 /* Main.storyboard in Resources */ = {isa = PBXBuildFile; fileRef = 1B30D83F2BFB39160017D136 /* Main.storyboard */; };
		1B30D8432BFB391A0017D136 /* Assets.xcassets in Resources */ = {isa = PBXBuildFile; fileRef = 1B30D8422BFB391A0017D136 /* Assets.xcassets */; };
		1B30D8462BFB391A0017D136 /* LaunchScreen.storyboard in Resources */ = {isa = PBXBuildFile; fileRef = 1B30D8442BFB391A0017D136 /* LaunchScreen.storyboard */; };
		1B30D8512BFB391A0017D136 /* PickerViewTests.swift in Sources */ = {isa = PBXBuildFile; fileRef = 1B30D8502BFB391A0017D136 /* PickerViewTests.swift */; };
		1B30D85B2BFB391A0017D136 /* PickerViewUITests.swift in Sources */ = {isa = PBXBuildFile; fileRef = 1B30D85A2BFB391A0017D136 /* PickerViewUITests.swift */; };
		1B30D85D2BFB391A0017D136 /* PickerViewUITestsLaunchTests.swift in Sources */ = {isa = PBXBuildFile; fileRef = 1B30D85C2BFB391A0017D136 /* PickerViewUITestsLaunchTests.swift */; };
		1B30D8742BFB3D190017D136 /* 8.jpg in Resources */ = {isa = PBXBuildFile; fileRef = 1B30D86A2BFB3D190017D136 /* 8.jpg */; };
		1B30D8752BFB3D190017D136 /* 9.jpg in Resources */ = {isa = PBXBuildFile; fileRef = 1B30D86B2BFB3D190017D136 /* 9.jpg */; };
		1B30D8762BFB3D190017D136 /* 10.jpg in Resources */ = {isa = PBXBuildFile; fileRef = 1B30D86C2BFB3D190017D136 /* 10.jpg */; };
		1B30D8772BFB3D190017D136 /* 4.jpg in Resources */ = {isa = PBXBuildFile; fileRef = 1B30D86D2BFB3D190017D136 /* 4.jpg */; };
		1B30D8782BFB3D190017D136 /* 5.jpg in Resources */ = {isa = PBXBuildFile; fileRef = 1B30D86E2BFB3D190017D136 /* 5.jpg */; };
		1B30D8792BFB3D190017D136 /* 7.jpg in Resources */ = {isa = PBXBuildFile; fileRef = 1B30D86F2BFB3D190017D136 /* 7.jpg */; };
		1B30D87A2BFB3D190017D136 /* 6.jpg in Resources */ = {isa = PBXBuildFile; fileRef = 1B30D8702BFB3D190017D136 /* 6.jpg */; };
		1B30D87B2BFB3D190017D136 /* 2.jpg in Resources */ = {isa = PBXBuildFile; fileRef = 1B30D8712BFB3D190017D136 /* 2.jpg */; };
		1B30D87C2BFB3D190017D136 /* 3.jpg in Resources */ = {isa = PBXBuildFile; fileRef = 1B30D8722BFB3D190017D136 /* 3.jpg */; };
		1B30D87D2BFB3D190017D136 /* 1.jpg in Resources */ = {isa = PBXBuildFile; fileRef = 1B30D8732BFB3D190017D136 /* 1.jpg */; };
/* End PBXBuildFile section */

/* Begin PBXContainerItemProxy section */
		1B30D84D2BFB391A0017D136 /* PBXContainerItemProxy */ = {
			isa = PBXContainerItemProxy;
			containerPortal = 1B30D82E2BFB39160017D136 /* Project object */;
			proxyType = 1;
			remoteGlobalIDString = 1B30D8352BFB39160017D136;
			remoteInfo = PickerView;
		};
		1B30D8572BFB391A0017D136 /* PBXContainerItemProxy */ = {
			isa = PBXContainerItemProxy;
			containerPortal = 1B30D82E2BFB39160017D136 /* Project object */;
			proxyType = 1;
			remoteGlobalIDString = 1B30D8352BFB39160017D136;
			remoteInfo = PickerView;
		};
/* End PBXContainerItemProxy section */

/* Begin PBXFileReference section */
		1B30D8362BFB39160017D136 /* PickerView.app */ = {isa = PBXFileReference; explicitFileType = wrapper.application; includeInIndex = 0; path = PickerView.app; sourceTree = BUILT_PRODUCTS_DIR; };
		1B30D8392BFB39160017D136 /* AppDelegate.swift */ = {isa = PBXFileReference; lastKnownFileType = sourcecode.swift; path = AppDelegate.swift; sourceTree = "<group>"; };
		1B30D83B2BFB39160017D136 /* SceneDelegate.swift */ = {isa = PBXFileReference; lastKnownFileType = sourcecode.swift; path = SceneDelegate.swift; sourceTree = "<group>"; };
		1B30D83D2BFB39160017D136 /* ViewController.swift */ = {isa = PBXFileReference; lastKnownFileType = sourcecode.swift; path = ViewController.swift; sourceTree = "<group>"; };
		1B30D8402BFB39160017D136 /* Base */ = {isa = PBXFileReference; lastKnownFileType = file.storyboard; name = Base; path = Base.lproj/Main.storyboard; sourceTree = "<group>"; };
		1B30D8422BFB391A0017D136 /* Assets.xcassets */ = {isa = PBXFileReference; lastKnownFileType = folder.assetcatalog; path = Assets.xcassets; sourceTree = "<group>"; };
		1B30D8452BFB391A0017D136 /* Base */ = {isa = PBXFileReference; lastKnownFileType = file.storyboard; name = Base; path = Base.lproj/LaunchScreen.storyboard; sourceTree = "<group>"; };
		1B30D8472BFB391A0017D136 /* Info.plist */ = {isa = PBXFileReference; lastKnownFileType = text.plist.xml; path = Info.plist; sourceTree = "<group>"; };
		1B30D84C2BFB391A0017D136 /* PickerViewTests.xctest */ = {isa = PBXFileReference; explicitFileType = wrapper.cfbundle; includeInIndex = 0; path = PickerViewTests.xctest; sourceTree = BUILT_PRODUCTS_DIR; };
		1B30D8502BFB391A0017D136 /* PickerViewTests.swift */ = {isa = PBXFileReference; lastKnownFileType = sourcecode.swift; path = PickerViewTests.swift; sourceTree = "<group>"; };
		1B30D8562BFB391A0017D136 /* PickerViewUITests.xctest */ = {isa = PBXFileReference; explicitFileType = wrapper.cfbundle; includeInIndex = 0; path = PickerViewUITests.xctest; sourceTree = BUILT_PRODUCTS_DIR; };
		1B30D85A2BFB391A0017D136 /* PickerViewUITests.swift */ = {isa = PBXFileReference; lastKnownFileType = sourcecode.swift; path = PickerViewUITests.swift; sourceTree = "<group>"; };
		1B30D85C2BFB391A0017D136 /* PickerViewUITestsLaunchTests.swift */ = {isa = PBXFileReference; lastKnownFileType = sourcecode.swift; path = PickerViewUITestsLaunchTests.swift; sourceTree = "<group>"; };
		1B30D86A2BFB3D190017D136 /* 8.jpg */ = {isa = PBXFileReference; lastKnownFileType = image.jpeg; path = 8.jpg; sourceTree = "<group>"; };
		1B30D86B2BFB3D190017D136 /* 9.jpg */ = {isa = PBXFileReference; lastKnownFileType = image.jpeg; path = 9.jpg; sourceTree = "<group>"; };
		1B30D86C2BFB3D190017D136 /* 10.jpg */ = {isa = PBXFileReference; lastKnownFileType = image.jpeg; path = 10.jpg; sourceTree = "<group>"; };
		1B30D86D2BFB3D190017D136 /* 4.jpg */ = {isa = PBXFileReference; lastKnownFileType = image.jpeg; path = 4.jpg; sourceTree = "<group>"; };
		1B30D86E2BFB3D190017D136 /* 5.jpg */ = {isa = PBXFileReference; lastKnownFileType = image.jpeg; path = 5.jpg; sourceTree = "<group>"; };
		1B30D86F2BFB3D190017D136 /* 7.jpg */ = {isa = PBXFileReference; lastKnownFileType = image.jpeg; path = 7.jpg; sourceTree = "<group>"; };
		1B30D8702BFB3D190017D136 /* 6.jpg */ = {isa = PBXFileReference; lastKnownFileType = image.jpeg; path = 6.jpg; sourceTree = "<group>"; };
		1B30D8712BFB3D190017D136 /* 2.jpg */ = {isa = PBXFileReference; lastKnownFileType = image.jpeg; path = 2.jpg; sourceTree = "<group>"; };
		1B30D8722BFB3D190017D136 /* 3.jpg */ = {isa = PBXFileReference; lastKnownFileType = image.jpeg; path = 3.jpg; sourceTree = "<group>"; };
		1B30D8732BFB3D190017D136 /* 1.jpg */ = {isa = PBXFileReference; lastKnownFileType = image.jpeg; path = 1.jpg; sourceTree = "<group>"; };
/* End PBXFileReference section */

/* Begin PBXFrameworksBuildPhase section */
		1B30D8332BFB39160017D136 /* Frameworks */ = {
			isa = PBXFrameworksBuildPhase;
			buildActionMask = 2147483647;
			files = (
			);
			runOnlyForDeploymentPostprocessing = 0;
		};
		1B30D8492BFB391A0017D136 /* Frameworks */ = {
			isa = PBXFrameworksBuildPhase;
			buildActionMask = 2147483647;
			files = (
			);
			runOnlyForDeploymentPostprocessing = 0;
		};
		1B30D8532BFB391A0017D136 /* Frameworks */ = {
			isa = PBXFrameworksBuildPhase;
			buildActionMask = 2147483647;
			files = (
			);
			runOnlyForDeploymentPostprocessing = 0;
		};
/* End PBXFrameworksBuildPhase section */

/* Begin PBXGroup section */
		1B30D82D2BFB39160017D136 = {
			isa = PBXGroup;
			children = (
				1B30D8382BFB39160017D136 /* PickerView */,
				1B30D84F2BFB391A0017D136 /* PickerViewTests */,
				1B30D8592BFB391A0017D136 /* PickerViewUITests */,
				1B30D8372BFB39160017D136 /* Products */,
			);
			sourceTree = "<group>";
		};
		1B30D8372BFB39160017D136 /* Products */ = {
			isa = PBXGroup;
			children = (
				1B30D8362BFB39160017D136 /* PickerView.app */,
				1B30D84C2BFB391A0017D136 /* PickerViewTests.xctest */,
				1B30D8562BFB391A0017D136 /* PickerViewUITests.xctest */,
			);
			name = Products;
			sourceTree = "<group>";
		};
		1B30D8382BFB39160017D136 /* PickerView */ = {
			isa = PBXGroup;
			children = (
				1B30D8692BFB3D190017D136 /* images */,
				1B30D8392BFB39160017D136 /* AppDelegate.swift */,
				1B30D83B2BFB39160017D136 /* SceneDelegate.swift */,
				1B30D83D2BFB39160017D136 /* ViewController.swift */,
				1B30D83F2BFB39160017D136 /* Main.storyboard */,
				1B30D8422BFB391A0017D136 /* Assets.xcassets */,
				1B30D8442BFB391A0017D136 /* LaunchScreen.storyboard */,
				1B30D8472BFB391A0017D136 /* Info.plist */,
			);
			path = PickerView;
			sourceTree = "<group>";
		};
		1B30D84F2BFB391A0017D136 /* PickerViewTests */ = {
			isa = PBXGroup;
			children = (
				1B30D8502BFB391A0017D136 /* PickerViewTests.swift */,
			);
			path = PickerViewTests;
			sourceTree = "<group>";
		};
		1B30D8592BFB391A0017D136 /* PickerViewUITests */ = {
			isa = PBXGroup;
			children = (
				1B30D85A2BFB391A0017D136 /* PickerViewUITests.swift */,
				1B30D85C2BFB391A0017D136 /* PickerViewUITestsLaunchTests.swift */,
			);
			path = PickerViewUITests;
			sourceTree = "<group>";
		};
		1B30D8692BFB3D190017D136 /* images */ = {
			isa = PBXGroup;
			children = (
				1B30D86A2BFB3D190017D136 /* 8.jpg */,
				1B30D86B2BFB3D190017D136 /* 9.jpg */,
				1B30D86C2BFB3D190017D136 /* 10.jpg */,
				1B30D86D2BFB3D190017D136 /* 4.jpg */,
				1B30D86E2BFB3D190017D136 /* 5.jpg */,
				1B30D86F2BFB3D190017D136 /* 7.jpg */,
				1B30D8702BFB3D190017D136 /* 6.jpg */,
				1B30D8712BFB3D190017D136 /* 2.jpg */,
				1B30D8722BFB3D190017D136 /* 3.jpg */,
				1B30D8732BFB3D190017D136 /* 1.jpg */,
			);
			path = images;
			sourceTree = "<group>";
		};
/* End PBXGroup section */

/* Begin PBXNativeTarget section */
		1B30D8352BFB39160017D136 /* PickerView */ = {
			isa = PBXNativeTarget;
			buildConfigurationList = 1B30D8602BFB391A0017D136 /* Build configuration list for PBXNativeTarget "PickerView" */;
			buildPhases = (
				1B30D8322BFB39160017D136 /* Sources */,
				1B30D8332BFB39160017D136 /* Frameworks */,
				1B30D8342BFB39160017D136 /* Resources */,
			);
			buildRules = (
			);
			dependencies = (
			);
			name = PickerView;
			productName = PickerView;
			productReference = 1B30D8362BFB39160017D136 /* PickerView.app */;
			productType = "com.apple.product-type.application";
		};
		1B30D84B2BFB391A0017D136 /* PickerViewTests */ = {
			isa = PBXNativeTarget;
			buildConfigurationList = 1B30D8632BFB391A0017D136 /* Build configuration list for PBXNativeTarget "PickerViewTests" */;
			buildPhases = (
				1B30D8482BFB391A0017D136 /* Sources */,
				1B30D8492BFB391A0017D136 /* Frameworks */,
				1B30D84A2BFB391A0017D136 /* Resources */,
			);
			buildRules = (
			);
			dependencies = (
				1B30D84E2BFB391A0017D136 /* PBXTargetDependency */,
			);
			name = PickerViewTests;
			productName = PickerViewTests;
			productReference = 1B30D84C2BFB391A0017D136 /* PickerViewTests.xctest */;
			productType = "com.apple.product-type.bundle.unit-test";
		};
		1B30D8552BFB391A0017D136 /* PickerViewUITests */ = {
			isa = PBXNativeTarget;
			buildConfigurationList = 1B30D8662BFB391A0017D136 /* Build configuration list for PBXNativeTarget "PickerViewUITests" */;
			buildPhases = (
				1B30D8522BFB391A0017D136 /* Sources */,
				1B30D8532BFB391A0017D136 /* Frameworks */,
				1B30D8542BFB391A0017D136 /* Resources */,
			);
			buildRules = (
			);
			dependencies = (
				1B30D8582BFB391A0017D136 /* PBXTargetDependency */,
			);
			name = PickerViewUITests;
			productName = PickerViewUITests;
			productReference = 1B30D8562BFB391A0017D136 /* PickerViewUITests.xctest */;
			productType = "com.apple.product-type.bundle.ui-testing";
		};
/* End PBXNativeTarget section */

/* Begin PBXProject section */
		1B30D82E2BFB39160017D136 /* Project object */ = {
			isa = PBXProject;
			attributes = {
				BuildIndependentTargetsInParallel = 1;
				LastSwiftUpdateCheck = 1430;
				LastUpgradeCheck = 1430;
				TargetAttributes = {
					1B30D8352BFB39160017D136 = {
						CreatedOnToolsVersion = 14.3.1;
					};
					1B30D84B2BFB391A0017D136 = {
						CreatedOnToolsVersion = 14.3.1;
						TestTargetID = 1B30D8352BFB39160017D136;
					};
					1B30D8552BFB391A0017D136 = {
						CreatedOnToolsVersion = 14.3.1;
						TestTargetID = 1B30D8352BFB39160017D136;
					};
				};
			};
			buildConfigurationList = 1B30D8312BFB39160017D136 /* Build configuration list for PBXProject "PickerView" */;
			compatibilityVersion = "Xcode 14.0";
			developmentRegion = en;
			hasScannedForEncodings = 0;
			knownRegions = (
				en,
				Base,
			);
			mainGroup = 1B30D82D2BFB39160017D136;
			productRefGroup = 1B30D8372BFB39160017D136 /* Products */;
			projectDirPath = "";
			projectRoot = "";
			targets = (
				1B30D8352BFB39160017D136 /* PickerView */,
				1B30D84B2BFB391A0017D136 /* PickerViewTests */,
				1B30D8552BFB391A0017D136 /* PickerViewUITests */,
			);
		};
/* End PBXProject section */

/* Begin PBXResourcesBuildPhase section */
		1B30D8342BFB39160017D136 /* Resources */ = {
			isa = PBXResourcesBuildPhase;
			buildActionMask = 2147483647;
			files = (
				1B30D87B2BFB3D190017D136 /* 2.jpg in Resources */,
				1B30D87D2BFB3D190017D136 /* 1.jpg in Resources */,
				1B30D8742BFB3D190017D136 /* 8.jpg in Resources */,
				1B30D8782BFB3D190017D136 /* 5.jpg in Resources */,
				1B30D87C2BFB3D190017D136 /* 3.jpg in Resources */,
				1B30D8772BFB3D190017D136 /* 4.jpg in Resources */,
				1B30D8462BFB391A0017D136 /* LaunchScreen.storyboard in Resources */,
				1B30D87A2BFB3D190017D136 /* 6.jpg in Resources */,
				1B30D8432BFB391A0017D136 /* Assets.xcassets in Resources */,
				1B30D8752BFB3D190017D136 /* 9.jpg in Resources */,
				1B30D8792BFB3D190017D136 /* 7.jpg in Resources */,
				1B30D8762BFB3D190017D136 /* 10.jpg in Resources */,
				1B30D8412BFB39160017D136 /* Main.storyboard in Resources */,
			);
			runOnlyForDeploymentPostprocessing = 0;
		};
		1B30D84A2BFB391A0017D136 /* Resources */ = {
			isa = PBXResourcesBuildPhase;
			buildActionMask = 2147483647;
			files = (
			);
			runOnlyForDeploymentPostprocessing = 0;
		};
		1B30D8542BFB391A0017D136 /* Resources */ = {
			isa = PBXResourcesBuildPhase;
			buildActionMask = 2147483647;
			files = (
			);
			runOnlyForDeploymentPostprocessing = 0;
		};
/* End PBXResourcesBuildPhase section */

/* Begin PBXSourcesBuildPhase section */
		1B30D8322BFB39160017D136 /* Sources */ = {
			isa = PBXSourcesBuildPhase;
			buildActionMask = 2147483647;
			files = (
				1B30D83E2BFB39160017D136 /* ViewController.swift in Sources */,
				1B30D83A2BFB39160017D136 /* AppDelegate.swift in Sources */,
				1B30D83C2BFB39160017D136 /* SceneDelegate.swift in Sources */,
			);
			runOnlyForDeploymentPostprocessing = 0;
		};
		1B30D8482BFB391A0017D136 /* Sources */ = {
			isa = PBXSourcesBuildPhase;
			buildActionMask = 2147483647;
			files = (
				1B30D8512BFB391A0017D136 /* PickerViewTests.swift in Sources */,
			);
			runOnlyForDeploymentPostprocessing = 0;
		};
		1B30D8522BFB391A0017D136 /* Sources */ = {
			isa = PBXSourcesBuildPhase;
			buildActionMask = 2147483647;
			files = (
				1B30D85B2BFB391A0017D136 /* PickerViewUITests.swift in Sources */,
				1B30D85D2BFB391A0017D136 /* PickerViewUITestsLaunchTests.swift in Sources */,
			);
			runOnlyForDeploymentPostprocessing = 0;
		};
/* End PBXSourcesBuildPhase section */

/* Begin PBXTargetDependency section */
		1B30D84E2BFB391A0017D136 /* PBXTargetDependency */ = {
			isa = PBXTargetDependency;
			target = 1B30D8352BFB39160017D136 /* PickerView */;
			targetProxy = 1B30D84D2BFB391A0017D136 /* PBXContainerItemProxy */;
		};
		1B30D8582BFB391A0017D136 /* PBXTargetDependency */ = {
			isa = PBXTargetDependency;
			target = 1B30D8352BFB39160017D136 /* PickerView */;
			targetProxy = 1B30D8572BFB391A0017D136 /* PBXContainerItemProxy */;
		};
/* End PBXTargetDependency section */

/* Begin PBXVariantGroup section */
		1B30D83F2BFB39160017D136 /* Main.storyboard */ = {
			isa = PBXVariantGroup;
			children = (
				1B30D8402BFB39160017D136 /* Base */,
			);
			name = Main.storyboard;
			sourceTree = "<group>";
		};
		1B30D8442BFB391A0017D136 /* LaunchScreen.storyboard */ = {
			isa = PBXVariantGroup;
			children = (
				1B30D8452BFB391A0017D136 /* Base */,
			);
			name = LaunchScreen.storyboard;
			sourceTree = "<group>";
		};
/* End PBXVariantGroup section */

/* Begin XCBuildConfiguration section */
		1B30D85E2BFB391A0017D136 /* Debug */ = {
			isa = XCBuildConfiguration;
			buildSettings = {
				ALWAYS_SEARCH_USER_PATHS = NO;
				CLANG_ANALYZER_NONNULL = YES;
				CLANG_ANALYZER_NUMBER_OBJECT_CONVERSION = YES_AGGRESSIVE;
				CLANG_CXX_LANGUAGE_STANDARD = "gnu++20";
				CLANG_ENABLE_MODULES = YES;
				CLANG_ENABLE_OBJC_ARC = YES;
				CLANG_ENABLE_OBJC_WEAK = YES;
				CLANG_WARN_BLOCK_CAPTURE_AUTORELEASING = YES;
				CLANG_WARN_BOOL_CONVERSION = YES;
				CLANG_WARN_COMMA = YES;
				CLANG_WARN_CONSTANT_CONVERSION = YES;
				CLANG_WARN_DEPRECATED_OBJC_IMPLEMENTATIONS = YES;
				CLANG_WARN_DIRECT_OBJC_ISA_USAGE = YES_ERROR;
				CLANG_WARN_DOCUMENTATION_COMMENTS = YES;
				CLANG_WARN_EMPTY_BODY = YES;
				CLANG_WARN_ENUM_CONVERSION = YES;
				CLANG_WARN_INFINITE_RECURSION = YES;
				CLANG_WARN_INT_CONVERSION = YES;
				CLANG_WARN_NON_LITERAL_NULL_CONVERSION = YES;
				CLANG_WARN_OBJC_IMPLICIT_RETAIN_SELF = YES;
				CLANG_WARN_OBJC_LITERAL_CONVERSION = YES;
				CLANG_WARN_OBJC_ROOT_CLASS = YES_ERROR;
				CLANG_WARN_QUOTED_INCLUDE_IN_FRAMEWORK_HEADER = YES;
				CLANG_WARN_RANGE_LOOP_ANALYSIS = YES;
				CLANG_WARN_STRICT_PROTOTYPES = YES;
				CLANG_WARN_SUSPICIOUS_MOVE = YES;
				CLANG_WARN_UNGUARDED_AVAILABILITY = YES_AGGRESSIVE;
				CLANG_WARN_UNREACHABLE_CODE = YES;
				CLANG_WARN__DUPLICATE_METHOD_MATCH = YES;
				COPY_PHASE_STRIP = NO;
				DEBUG_INFORMATION_FORMAT = dwarf;
				ENABLE_STRICT_OBJC_MSGSEND = YES;
				ENABLE_TESTABILITY = YES;
				GCC_C_LANGUAGE_STANDARD = gnu11;
				GCC_DYNAMIC_NO_PIC = NO;
				GCC_NO_COMMON_BLOCKS = YES;
				GCC_OPTIMIZATION_LEVEL = 0;
				GCC_PREPROCESSOR_DEFINITIONS = (
					"DEBUG=1",
					"$(inherited)",
				);
				GCC_WARN_64_TO_32_BIT_CONVERSION = YES;
				GCC_WARN_ABOUT_RETURN_TYPE = YES_ERROR;
				GCC_WARN_UNDECLARED_SELECTOR = YES;
				GCC_WARN_UNINITIALIZED_AUTOS = YES_AGGRESSIVE;
				GCC_WARN_UNUSED_FUNCTION = YES;
				GCC_WARN_UNUSED_VARIABLE = YES;
				IPHONEOS_DEPLOYMENT_TARGET = 16.4;
				MTL_ENABLE_DEBUG_INFO = INCLUDE_SOURCE;
				MTL_FAST_MATH = YES;
				ONLY_ACTIVE_ARCH = YES;
				SDKROOT = iphoneos;
				SWIFT_ACTIVE_COMPILATION_CONDITIONS = DEBUG;
				SWIFT_OPTIMIZATION_LEVEL = "-Onone";
			};
			name = Debug;
		};
		1B30D85F2BFB391A0017D136 /* Release */ = {
			isa = XCBuildConfiguration;
			buildSettings = {
				ALWAYS_SEARCH_USER_PATHS = NO;
				CLANG_ANALYZER_NONNULL = YES;
				CLANG_ANALYZER_NUMBER_OBJECT_CONVERSION = YES_AGGRESSIVE;
				CLANG_CXX_LANGUAGE_STANDARD = "gnu++20";
				CLANG_ENABLE_MODULES = YES;
				CLANG_ENABLE_OBJC_ARC = YES;
				CLANG_ENABLE_OBJC_WEAK = YES;
				CLANG_WARN_BLOCK_CAPTURE_AUTORELEASING = YES;
				CLANG_WARN_BOOL_CONVERSION = YES;
				CLANG_WARN_COMMA = YES;
				CLANG_WARN_CONSTANT_CONVERSION = YES;
				CLANG_WARN_DEPRECATED_OBJC_IMPLEMENTATIONS = YES;
				CLANG_WARN_DIRECT_OBJC_ISA_USAGE = YES_ERROR;
				CLANG_WARN_DOCUMENTATION_COMMENTS = YES;
				CLANG_WARN_EMPTY_BODY = YES;
				CLANG_WARN_ENUM_CONVERSION = YES;
				CLANG_WARN_INFINITE_RECURSION = YES;
				CLANG_WARN_INT_CONVERSION = YES;
				CLANG_WARN_NON_LITERAL_NULL_CONVERSION = YES;
				CLANG_WARN_OBJC_IMPLICIT_RETAIN_SELF = YES;
				CLANG_WARN_OBJC_LITERAL_CONVERSION = YES;
				CLANG_WARN_OBJC_ROOT_CLASS = YES_ERROR;
				CLANG_WARN_QUOTED_INCLUDE_IN_FRAMEWORK_HEADER = YES;
				CLANG_WARN_RANGE_LOOP_ANALYSIS = YES;
				CLANG_WARN_STRICT_PROTOTYPES = YES;
				CLANG_WARN_SUSPICIOUS_MOVE = YES;
				CLANG_WARN_UNGUARDED_AVAILABILITY = YES_AGGRESSIVE;
				CLANG_WARN_UNREACHABLE_CODE = YES;
				CLANG_WARN__DUPLICATE_METHOD_MATCH = YES;
				COPY_PHASE_STRIP = NO;
				DEBUG_INFORMATION_FORMAT = "dwarf-with-dsym";
				ENABLE_NS_ASSERTIONS = NO;
				ENABLE_STRICT_OBJC_MSGSEND = YES;
				GCC_C_LANGUAGE_STANDARD = gnu11;
				GCC_NO_COMMON_BLOCKS = YES;
				GCC_WARN_64_TO_32_BIT_CONVERSION = YES;
				GCC_WARN_ABOUT_RETURN_TYPE = YES_ERROR;
				GCC_WARN_UNDECLARED_SELECTOR = YES;
				GCC_WARN_UNINITIALIZED_AUTOS = YES_AGGRESSIVE;
				GCC_WARN_UNUSED_FUNCTION = YES;
				GCC_WARN_UNUSED_VARIABLE = YES;
				IPHONEOS_DEPLOYMENT_TARGET = 16.4;
				MTL_ENABLE_DEBUG_INFO = NO;
				MTL_FAST_MATH = YES;
				SDKROOT = iphoneos;
				SWIFT_COMPILATION_MODE = wholemodule;
				SWIFT_OPTIMIZATION_LEVEL = "-O";
				VALIDATE_PRODUCT = YES;
			};
			name = Release;
		};
		1B30D8612BFB391A0017D136 /* Debug */ = {
			isa = XCBuildConfiguration;
			buildSettings = {
				ASSETCATALOG_COMPILER_APPICON_NAME = AppIcon;
				ASSETCATALOG_COMPILER_GLOBAL_ACCENT_COLOR_NAME = AccentColor;
				CODE_SIGN_STYLE = Automatic;
				CURRENT_PROJECT_VERSION = 1;
				GENERATE_INFOPLIST_FILE = YES;
				INFOPLIST_FILE = PickerView/Info.plist;
				INFOPLIST_KEY_UIApplicationSupportsIndirectInputEvents = YES;
				INFOPLIST_KEY_UILaunchStoryboardName = LaunchScreen;
				INFOPLIST_KEY_UIMainStoryboardFile = Main;
				INFOPLIST_KEY_UISupportedInterfaceOrientations_iPad = "UIInterfaceOrientationPortrait UIInterfaceOrientationPortraitUpsideDown UIInterfaceOrientationLandscapeLeft UIInterfaceOrientationLandscapeRight";
				INFOPLIST_KEY_UISupportedInterfaceOrientations_iPhone = "UIInterfaceOrientationPortrait UIInterfaceOrientationLandscapeLeft UIInterfaceOrientationLandscapeRight";
				LD_RUNPATH_SEARCH_PATHS = (
					"$(inherited)",
					"@executable_path/Frameworks",
				);
				MARKETING_VERSION = 1.0;
				PRODUCT_BUNDLE_IDENTIFIER = net.test.PickerView;
				PRODUCT_NAME = "$(TARGET_NAME)";
				SWIFT_EMIT_LOC_STRINGS = YES;
				SWIFT_VERSION = 5.0;
				TARGETED_DEVICE_FAMILY = "1,2";
			};
			name = Debug;
		};
		1B30D8622BFB391A0017D136 /* Release */ = {
			isa = XCBuildConfiguration;
			buildSettings = {
				ASSETCATALOG_COMPILER_APPICON_NAME = AppIcon;
				ASSETCATALOG_COMPILER_GLOBAL_ACCENT_COLOR_NAME = AccentColor;
				CODE_SIGN_STYLE = Automatic;
				CURRENT_PROJECT_VERSION = 1;
				GENERATE_INFOPLIST_FILE = YES;
				INFOPLIST_FILE = PickerView/Info.plist;
				INFOPLIST_KEY_UIApplicationSupportsIndirectInputEvents = YES;
				INFOPLIST_KEY_UILaunchStoryboardName = LaunchScreen;
				INFOPLIST_KEY_UIMainStoryboardFile = Main;
				INFOPLIST_KEY_UISupportedInterfaceOrientations_iPad = "UIInterfaceOrientationPortrait UIInterfaceOrientationPortraitUpsideDown UIInterfaceOrientationLandscapeLeft UIInterfaceOrientationLandscapeRight";
				INFOPLIST_KEY_UISupportedInterfaceOrientations_iPhone = "UIInterfaceOrientationPortrait UIInterfaceOrientationLandscapeLeft UIInterfaceOrientationLandscapeRight";
				LD_RUNPATH_SEARCH_PATHS = (
					"$(inherited)",
					"@executable_path/Frameworks",
				);
				MARKETING_VERSION = 1.0;
				PRODUCT_BUNDLE_IDENTIFIER = net.test.PickerView;
				PRODUCT_NAME = "$(TARGET_NAME)";
				SWIFT_EMIT_LOC_STRINGS = YES;
				SWIFT_VERSION = 5.0;
				TARGETED_DEVICE_FAMILY = "1,2";
			};
			name = Release;
		};
		1B30D8642BFB391A0017D136 /* Debug */ = {
			isa = XCBuildConfiguration;
			buildSettings = {
				ALWAYS_EMBED_SWIFT_STANDARD_LIBRARIES = YES;
				BUNDLE_LOADER = "$(TEST_HOST)";
				CODE_SIGN_STYLE = Automatic;
				CURRENT_PROJECT_VERSION = 1;
				GENERATE_INFOPLIST_FILE = YES;
				IPHONEOS_DEPLOYMENT_TARGET = 16.4;
				MARKETING_VERSION = 1.0;
				PRODUCT_BUNDLE_IDENTIFIER = net.test.PickerViewTests;
				PRODUCT_NAME = "$(TARGET_NAME)";
				SWIFT_EMIT_LOC_STRINGS = NO;
				SWIFT_VERSION = 5.0;
				TARGETED_DEVICE_FAMILY = "1,2";
				TEST_HOST = "$(BUILT_PRODUCTS_DIR)/PickerView.app/$(BUNDLE_EXECUTABLE_FOLDER_PATH)/PickerView";
			};
			name = Debug;
		};
		1B30D8652BFB391A0017D136 /* Release */ = {
			isa = XCBuildConfiguration;
			buildSettings = {
				ALWAYS_EMBED_SWIFT_STANDARD_LIBRARIES = YES;
				BUNDLE_LOADER = "$(TEST_HOST)";
				CODE_SIGN_STYLE = Automatic;
				CURRENT_PROJECT_VERSION = 1;
				GENERATE_INFOPLIST_FILE = YES;
				IPHONEOS_DEPLOYMENT_TARGET = 16.4;
				MARKETING_VERSION = 1.0;
				PRODUCT_BUNDLE_IDENTIFIER = net.test.PickerViewTests;
				PRODUCT_NAME = "$(TARGET_NAME)";
				SWIFT_EMIT_LOC_STRINGS = NO;
				SWIFT_VERSION = 5.0;
				TARGETED_DEVICE_FAMILY = "1,2";
				TEST_HOST = "$(BUILT_PRODUCTS_DIR)/PickerView.app/$(BUNDLE_EXECUTABLE_FOLDER_PATH)/PickerView";
			};
			name = Release;
		};
		1B30D8672BFB391A0017D136 /* Debug */ = {
			isa = XCBuildConfiguration;
			buildSettings = {
				ALWAYS_EMBED_SWIFT_STANDARD_LIBRARIES = YES;
				CODE_SIGN_STYLE = Automatic;
				CURRENT_PROJECT_VERSION = 1;
				GENERATE_INFOPLIST_FILE = YES;
				MARKETING_VERSION = 1.0;
				PRODUCT_BUNDLE_IDENTIFIER = net.test.PickerViewUITests;
				PRODUCT_NAME = "$(TARGET_NAME)";
				SWIFT_EMIT_LOC_STRINGS = NO;
				SWIFT_VERSION = 5.0;
				TARGETED_DEVICE_FAMILY = "1,2";
				TEST_TARGET_NAME = PickerView;
			};
			name = Debug;
		};
		1B30D8682BFB391A0017D136 /* Release */ = {
			isa = XCBuildConfiguration;
			buildSettings = {
				ALWAYS_EMBED_SWIFT_STANDARD_LIBRARIES = YES;
				CODE_SIGN_STYLE = Automatic;
				CURRENT_PROJECT_VERSION = 1;
				GENERATE_INFOPLIST_FILE = YES;
				MARKETING_VERSION = 1.0;
				PRODUCT_BUNDLE_IDENTIFIER = net.test.PickerViewUITests;
				PRODUCT_NAME = "$(TARGET_NAME)";
				SWIFT_EMIT_LOC_STRINGS = NO;
				SWIFT_VERSION = 5.0;
				TARGETED_DEVICE_FAMILY = "1,2";
				TEST_TARGET_NAME = PickerView;
			};
			name = Release;
		};
/* End XCBuildConfiguration section */

/* Begin XCConfigurationList section */
		1B30D8312BFB39160017D136 /* Build configuration list for PBXProject "PickerView" */ = {
			isa = XCConfigurationList;
			buildConfigurations = (
				1B30D85E2BFB391A0017D136 /* Debug */,
				1B30D85F2BFB391A0017D136 /* Release */,
			);
			defaultConfigurationIsVisible = 0;
			defaultConfigurationName = Release;
		};
		1B30D8602BFB391A0017D136 /* Build configuration list for PBXNativeTarget "PickerView" */ = {
			isa = XCConfigurationList;
			buildConfigurations = (
				1B30D8612BFB391A0017D136 /* Debug */,
				1B30D8622BFB391A0017D136 /* Release */,
			);
			defaultConfigurationIsVisible = 0;
			defaultConfigurationName = Release;
		};
		1B30D8632BFB391A0017D136 /* Build configuration list for PBXNativeTarget "PickerViewTests" */ = {
			isa = XCConfigurationList;
			buildConfigurations = (
				1B30D8642BFB391A0017D136 /* Debug */,
				1B30D8652BFB391A0017D136 /* Release */,
			);
			defaultConfigurationIsVisible = 0;
			defaultConfigurationName = Release;
		};
		1B30D8662BFB391A0017D136 /* Build configuration list for PBXNativeTarget "PickerViewUITests" */ = {
			isa = XCConfigurationList;
			buildConfigurations = (
				1B30D8672BFB391A0017D136 /* Debug */,
				1B30D8682BFB391A0017D136 /* Release */,
			);
			defaultConfigurationIsVisible = 0;
			defaultConfigurationName = Release;
		};
/* End XCConfigurationList section */
	};
	rootObject = 1B30D82E2BFB39160017D136 /* Project object */;
}
