// !$*UTF8*$!
{
	archiveVersion = 1;
	classes = {
	};
	objectVersion = 56;
	objects = {

/* Begin PBXBuildFile section */
		1B9194B62C19A1E200C15F08 /* AppDelegate.swift in Sources */ = {isa = PBXBuildFile; fileRef = 1B9194B52C19A1E200C15F08 /* AppDelegate.swift */; };
		1B9194B82C19A1E200C15F08 /* SceneDelegate.swift in Sources */ = {isa = PBXBuildFile; fileRef = 1B9194B72C19A1E200C15F08 /* SceneDelegate.swift */; };
		1B9194BA2C19A1E200C15F08 /* ViewController.swift in Sources */ = {isa = PBXBuildFile; fileRef = 1B9194B92C19A1E200C15F08 /* ViewController.swift */; };
		1B9194BD2C19A1E200C15F08 /* Main.storyboard in Resources */ = {isa = PBXBuildFile; fileRef = 1B9194BB2C19A1E200C15F08 /* Main.storyboard */; };
		1B9194BF2C19A1E400C15F08 /* Assets.xcassets in Resources */ = {isa = PBXBuildFile; fileRef = 1B9194BE2C19A1E400C15F08 /* Assets.xcassets */; };
		1B9194C22C19A1E400C15F08 /* LaunchScreen.storyboard in Resources */ = {isa = PBXBuildFile; fileRef = 1B9194C02C19A1E400C15F08 /* LaunchScreen.storyboard */; };
		1B9194CD2C19A1E400C15F08 /* NavigationTests.swift in Sources */ = {isa = PBXBuildFile; fileRef = 1B9194CC2C19A1E400C15F08 /* NavigationTests.swift */; };
		1B9194D72C19A1E400C15F08 /* NavigationUITests.swift in Sources */ = {isa = PBXBuildFile; fileRef = 1B9194D62C19A1E400C15F08 /* NavigationUITests.swift */; };
		1B9194D92C19A1E400C15F08 /* NavigationUITestsLaunchTests.swift in Sources */ = {isa = PBXBuildFile; fileRef = 1B9194D82C19A1E400C15F08 /* NavigationUITestsLaunchTests.swift */; };
		1B9194E62C19A33A00C15F08 /* EditViewController.swift in Sources */ = {isa = PBXBuildFile; fileRef = 1B9194E52C19A33A00C15F08 /* EditViewController.swift */; };
/* End PBXBuildFile section */

/* Begin PBXContainerItemProxy section */
		1B9194C92C19A1E400C15F08 /* PBXContainerItemProxy */ = {
			isa = PBXContainerItemProxy;
			containerPortal = 1B9194AA2C19A1E200C15F08 /* Project object */;
			proxyType = 1;
			remoteGlobalIDString = 1B9194B12C19A1E200C15F08;
			remoteInfo = Navigation;
		};
		1B9194D32C19A1E400C15F08 /* PBXContainerItemProxy */ = {
			isa = PBXContainerItemProxy;
			containerPortal = 1B9194AA2C19A1E200C15F08 /* Project object */;
			proxyType = 1;
			remoteGlobalIDString = 1B9194B12C19A1E200C15F08;
			remoteInfo = Navigation;
		};
/* End PBXContainerItemProxy section */

/* Begin PBXFileReference section */
		1B9194B22C19A1E200C15F08 /* Navigation.app */ = {isa = PBXFileReference; explicitFileType = wrapper.application; includeInIndex = 0; path = Navigation.app; sourceTree = BUILT_PRODUCTS_DIR; };
		1B9194B52C19A1E200C15F08 /* AppDelegate.swift */ = {isa = PBXFileReference; lastKnownFileType = sourcecode.swift; path = AppDelegate.swift; sourceTree = "<group>"; };
		1B9194B72C19A1E200C15F08 /* SceneDelegate.swift */ = {isa = PBXFileReference; lastKnownFileType = sourcecode.swift; path = SceneDelegate.swift; sourceTree = "<group>"; };
		1B9194B92C19A1E200C15F08 /* ViewController.swift */ = {isa = PBXFileReference; lastKnownFileType = sourcecode.swift; path = ViewController.swift; sourceTree = "<group>"; };
		1B9194BC2C19A1E200C15F08 /* Base */ = {isa = PBXFileReference; lastKnownFileType = file.storyboard; name = Base; path = Base.lproj/Main.storyboard; sourceTree = "<group>"; };
		1B9194BE2C19A1E400C15F08 /* Assets.xcassets */ = {isa = PBXFileReference; lastKnownFileType = folder.assetcatalog; path = Assets.xcassets; sourceTree = "<group>"; };
		1B9194C12C19A1E400C15F08 /* Base */ = {isa = PBXFileReference; lastKnownFileType = file.storyboard; name = Base; path = Base.lproj/LaunchScreen.storyboard; sourceTree = "<group>"; };
		1B9194C32C19A1E400C15F08 /* Info.plist */ = {isa = PBXFileReference; lastKnownFileType = text.plist.xml; path = Info.plist; sourceTree = "<group>"; };
		1B9194C82C19A1E400C15F08 /* NavigationTests.xctest */ = {isa = PBXFileReference; explicitFileType = wrapper.cfbundle; includeInIndex = 0; path = NavigationTests.xctest; sourceTree = BUILT_PRODUCTS_DIR; };
		1B9194CC2C19A1E400C15F08 /* NavigationTests.swift */ = {isa = PBXFileReference; lastKnownFileType = sourcecode.swift; path = NavigationTests.swift; sourceTree = "<group>"; };
		1B9194D22C19A1E400C15F08 /* NavigationUITests.xctest */ = {isa = PBXFileReference; explicitFileType = wrapper.cfbundle; includeInIndex = 0; path = NavigationUITests.xctest; sourceTree = BUILT_PRODUCTS_DIR; };
		1B9194D62C19A1E400C15F08 /* NavigationUITests.swift */ = {isa = PBXFileReference; lastKnownFileType = sourcecode.swift; path = NavigationUITests.swift; sourceTree = "<group>"; };
		1B9194D82C19A1E400C15F08 /* NavigationUITestsLaunchTests.swift */ = {isa = PBXFileReference; lastKnownFileType = sourcecode.swift; path = NavigationUITestsLaunchTests.swift; sourceTree = "<group>"; };
		1B9194E52C19A33A00C15F08 /* EditViewController.swift */ = {isa = PBXFileReference; lastKnownFileType = sourcecode.swift; path = EditViewController.swift; sourceTree = "<group>"; };
/* End PBXFileReference section */

/* Begin PBXFrameworksBuildPhase section */
		1B9194AF2C19A1E200C15F08 /* Frameworks */ = {
			isa = PBXFrameworksBuildPhase;
			buildActionMask = 2147483647;
			files = (
			);
			runOnlyForDeploymentPostprocessing = 0;
		};
		1B9194C52C19A1E400C15F08 /* Frameworks */ = {
			isa = PBXFrameworksBuildPhase;
			buildActionMask = 2147483647;
			files = (
			);
			runOnlyForDeploymentPostprocessing = 0;
		};
		1B9194CF2C19A1E400C15F08 /* Frameworks */ = {
			isa = PBXFrameworksBuildPhase;
			buildActionMask = 2147483647;
			files = (
			);
			runOnlyForDeploymentPostprocessing = 0;
		};
/* End PBXFrameworksBuildPhase section */

/* Begin PBXGroup section */
		1B9194A92C19A1E100C15F08 = {
			isa = PBXGroup;
			children = (
				1B9194B42C19A1E200C15F08 /* Navigation */,
				1B9194CB2C19A1E400C15F08 /* NavigationTests */,
				1B9194D52C19A1E400C15F08 /* NavigationUITests */,
				1B9194B32C19A1E200C15F08 /* Products */,
			);
			sourceTree = "<group>";
		};
		1B9194B32C19A1E200C15F08 /* Products */ = {
			isa = PBXGroup;
			children = (
				1B9194B22C19A1E200C15F08 /* Navigation.app */,
				1B9194C82C19A1E400C15F08 /* NavigationTests.xctest */,
				1B9194D22C19A1E400C15F08 /* NavigationUITests.xctest */,
			);
			name = Products;
			sourceTree = "<group>";
		};
		1B9194B42C19A1E200C15F08 /* Navigation */ = {
			isa = PBXGroup;
			children = (
				1B9194B52C19A1E200C15F08 /* AppDelegate.swift */,
				1B9194B72C19A1E200C15F08 /* SceneDelegate.swift */,
				1B9194B92C19A1E200C15F08 /* ViewController.swift */,
				1B9194BB2C19A1E200C15F08 /* Main.storyboard */,
				1B9194E52C19A33A00C15F08 /* EditViewController.swift */,
				1B9194BE2C19A1E400C15F08 /* Assets.xcassets */,
				1B9194C02C19A1E400C15F08 /* LaunchScreen.storyboard */,
				1B9194C32C19A1E400C15F08 /* Info.plist */,
			);
			path = Navigation;
			sourceTree = "<group>";
		};
		1B9194CB2C19A1E400C15F08 /* NavigationTests */ = {
			isa = PBXGroup;
			children = (
				1B9194CC2C19A1E400C15F08 /* NavigationTests.swift */,
			);
			path = NavigationTests;
			sourceTree = "<group>";
		};
		1B9194D52C19A1E400C15F08 /* NavigationUITests */ = {
			isa = PBXGroup;
			children = (
				1B9194D62C19A1E400C15F08 /* NavigationUITests.swift */,
				1B9194D82C19A1E400C15F08 /* NavigationUITestsLaunchTests.swift */,
			);
			path = NavigationUITests;
			sourceTree = "<group>";
		};
/* End PBXGroup section */

/* Begin PBXNativeTarget section */
		1B9194B12C19A1E200C15F08 /* Navigation */ = {
			isa = PBXNativeTarget;
			buildConfigurationList = 1B9194DC2C19A1E400C15F08 /* Build configuration list for PBXNativeTarget "Navigation" */;
			buildPhases = (
				1B9194AE2C19A1E200C15F08 /* Sources */,
				1B9194AF2C19A1E200C15F08 /* Frameworks */,
				1B9194B02C19A1E200C15F08 /* Resources */,
			);
			buildRules = (
			);
			dependencies = (
			);
			name = Navigation;
			productName = Navigation;
			productReference = 1B9194B22C19A1E200C15F08 /* Navigation.app */;
			productType = "com.apple.product-type.application";
		};
		1B9194C72C19A1E400C15F08 /* NavigationTests */ = {
			isa = PBXNativeTarget;
			buildConfigurationList = 1B9194DF2C19A1E400C15F08 /* Build configuration list for PBXNativeTarget "NavigationTests" */;
			buildPhases = (
				1B9194C42C19A1E400C15F08 /* Sources */,
				1B9194C52C19A1E400C15F08 /* Frameworks */,
				1B9194C62C19A1E400C15F08 /* Resources */,
			);
			buildRules = (
			);
			dependencies = (
				1B9194CA2C19A1E400C15F08 /* PBXTargetDependency */,
			);
			name = NavigationTests;
			productName = NavigationTests;
			productReference = 1B9194C82C19A1E400C15F08 /* NavigationTests.xctest */;
			productType = "com.apple.product-type.bundle.unit-test";
		};
		1B9194D12C19A1E400C15F08 /* NavigationUITests */ = {
			isa = PBXNativeTarget;
			buildConfigurationList = 1B9194E22C19A1E400C15F08 /* Build configuration list for PBXNativeTarget "NavigationUITests" */;
			buildPhases = (
				1B9194CE2C19A1E400C15F08 /* Sources */,
				1B9194CF2C19A1E400C15F08 /* Frameworks */,
				1B9194D02C19A1E400C15F08 /* Resources */,
			);
			buildRules = (
			);
			dependencies = (
				1B9194D42C19A1E400C15F08 /* PBXTargetDependency */,
			);
			name = NavigationUITests;
			productName = NavigationUITests;
			productReference = 1B9194D22C19A1E400C15F08 /* NavigationUITests.xctest */;
			productType = "com.apple.product-type.bundle.ui-testing";
		};
/* End PBXNativeTarget section */

/* Begin PBXProject section */
		1B9194AA2C19A1E200C15F08 /* Project object */ = {
			isa = PBXProject;
			attributes = {
				BuildIndependentTargetsInParallel = 1;
				LastSwiftUpdateCheck = 1430;
				LastUpgradeCheck = 1430;
				TargetAttributes = {
					1B9194B12C19A1E200C15F08 = {
						CreatedOnToolsVersion = 14.3.1;
					};
					1B9194C72C19A1E400C15F08 = {
						CreatedOnToolsVersion = 14.3.1;
						TestTargetID = 1B9194B12C19A1E200C15F08;
					};
					1B9194D12C19A1E400C15F08 = {
						CreatedOnToolsVersion = 14.3.1;
						TestTargetID = 1B9194B12C19A1E200C15F08;
					};
				};
			};
			buildConfigurationList = 1B9194AD2C19A1E200C15F08 /* Build configuration list for PBXProject "Navigation" */;
			compatibilityVersion = "Xcode 14.0";
			developmentRegion = en;
			hasScannedForEncodings = 0;
			knownRegions = (
				en,
				Base,
			);
			mainGroup = 1B9194A92C19A1E100C15F08;
			productRefGroup = 1B9194B32C19A1E200C15F08 /* Products */;
			projectDirPath = "";
			projectRoot = "";
			targets = (
				1B9194B12C19A1E200C15F08 /* Navigation */,
				1B9194C72C19A1E400C15F08 /* NavigationTests */,
				1B9194D12C19A1E400C15F08 /* NavigationUITests */,
			);
		};
/* End PBXProject section */

/* Begin PBXResourcesBuildPhase section */
		1B9194B02C19A1E200C15F08 /* Resources */ = {
			isa = PBXResourcesBuildPhase;
			buildActionMask = 2147483647;
			files = (
				1B9194C22C19A1E400C15F08 /* LaunchScreen.storyboard in Resources */,
				1B9194BF2C19A1E400C15F08 /* Assets.xcassets in Resources */,
				1B9194BD2C19A1E200C15F08 /* Main.storyboard in Resources */,
			);
			runOnlyForDeploymentPostprocessing = 0;
		};
		1B9194C62C19A1E400C15F08 /* Resources */ = {
			isa = PBXResourcesBuildPhase;
			buildActionMask = 2147483647;
			files = (
			);
			runOnlyForDeploymentPostprocessing = 0;
		};
		1B9194D02C19A1E400C15F08 /* Resources */ = {
			isa = PBXResourcesBuildPhase;
			buildActionMask = 2147483647;
			files = (
			);
			runOnlyForDeploymentPostprocessing = 0;
		};
/* End PBXResourcesBuildPhase section */

/* Begin PBXSourcesBuildPhase section */
		1B9194AE2C19A1E200C15F08 /* Sources */ = {
			isa = PBXSourcesBuildPhase;
			buildActionMask = 2147483647;
			files = (
				1B9194E62C19A33A00C15F08 /* EditViewController.swift in Sources */,
				1B9194BA2C19A1E200C15F08 /* ViewController.swift in Sources */,
				1B9194B62C19A1E200C15F08 /* AppDelegate.swift in Sources */,
				1B9194B82C19A1E200C15F08 /* SceneDelegate.swift in Sources */,
			);
			runOnlyForDeploymentPostprocessing = 0;
		};
		1B9194C42C19A1E400C15F08 /* Sources */ = {
			isa = PBXSourcesBuildPhase;
			buildActionMask = 2147483647;
			files = (
				1B9194CD2C19A1E400C15F08 /* NavigationTests.swift in Sources */,
			);
			runOnlyForDeploymentPostprocessing = 0;
		};
		1B9194CE2C19A1E400C15F08 /* Sources */ = {
			isa = PBXSourcesBuildPhase;
			buildActionMask = 2147483647;
			files = (
				1B9194D92C19A1E400C15F08 /* NavigationUITestsLaunchTests.swift in Sources */,
				1B9194D72C19A1E400C15F08 /* NavigationUITests.swift in Sources */,
			);
			runOnlyForDeploymentPostprocessing = 0;
		};
/* End PBXSourcesBuildPhase section */

/* Begin PBXTargetDependency section */
		1B9194CA2C19A1E400C15F08 /* PBXTargetDependency */ = {
			isa = PBXTargetDependency;
			target = 1B9194B12C19A1E200C15F08 /* Navigation */;
			targetProxy = 1B9194C92C19A1E400C15F08 /* PBXContainerItemProxy */;
		};
		1B9194D42C19A1E400C15F08 /* PBXTargetDependency */ = {
			isa = PBXTargetDependency;
			target = 1B9194B12C19A1E200C15F08 /* Navigation */;
			targetProxy = 1B9194D32C19A1E400C15F08 /* PBXContainerItemProxy */;
		};
/* End PBXTargetDependency section */

/* Begin PBXVariantGroup section */
		1B9194BB2C19A1E200C15F08 /* Main.storyboard */ = {
			isa = PBXVariantGroup;
			children = (
				1B9194BC2C19A1E200C15F08 /* Base */,
			);
			name = Main.storyboard;
			sourceTree = "<group>";
		};
		1B9194C02C19A1E400C15F08 /* LaunchScreen.storyboard */ = {
			isa = PBXVariantGroup;
			children = (
				1B9194C12C19A1E400C15F08 /* Base */,
			);
			name = LaunchScreen.storyboard;
			sourceTree = "<group>";
		};
/* End PBXVariantGroup section */

/* Begin XCBuildConfiguration section */
		1B9194DA2C19A1E400C15F08 /* Debug */ = {
			isa = XCBuildConfiguration;
			buildSettings = {
				ALWAYS_SEARCH_USER_PATHS = NO;
				CLANG_ANALYZER_NONNULL = YES;
				CLANG_ANALYZER_NUMBER_OBJECT_CONVERSION = YES_AGGRESSIVE;
				CLANG_CXX_LANGUAGE_STANDARD = "gnu++20";
				CLANG_ENABLE_MODULES = YES;
				CLANG_ENABLE_OBJC_ARC = YES;
				CLANG_ENABLE_OBJC_WEAK = YES;
				CLANG_WARN_BLOCK_CAPTURE_AUTORELEASING = YES;
				CLANG_WARN_BOOL_CONVERSION = YES;
				CLANG_WARN_COMMA = YES;
				CLANG_WARN_CONSTANT_CONVERSION = YES;
				CLANG_WARN_DEPRECATED_OBJC_IMPLEMENTATIONS = YES;
				CLANG_WARN_DIRECT_OBJC_ISA_USAGE = YES_ERROR;
				CLANG_WARN_DOCUMENTATION_COMMENTS = YES;
				CLANG_WARN_EMPTY_BODY = YES;
				CLANG_WARN_ENUM_CONVERSION = YES;
				CLANG_WARN_INFINITE_RECURSION = YES;
				CLANG_WARN_INT_CONVERSION = YES;
				CLANG_WARN_NON_LITERAL_NULL_CONVERSION = YES;
				CLANG_WARN_OBJC_IMPLICIT_RETAIN_SELF = YES;
				CLANG_WARN_OBJC_LITERAL_CONVERSION = YES;
				CLANG_WARN_OBJC_ROOT_CLASS = YES_ERROR;
				CLANG_WARN_QUOTED_INCLUDE_IN_FRAMEWORK_HEADER = YES;
				CLANG_WARN_RANGE_LOOP_ANALYSIS = YES;
				CLANG_WARN_STRICT_PROTOTYPES = YES;
				CLANG_WARN_SUSPICIOUS_MOVE = YES;
				CLANG_WARN_UNGUARDED_AVAILABILITY = YES_AGGRESSIVE;
				CLANG_WARN_UNREACHABLE_CODE = YES;
				CLANG_WARN__DUPLICATE_METHOD_MATCH = YES;
				COPY_PHASE_STRIP = NO;
				DEBUG_INFORMATION_FORMAT = dwarf;
				ENABLE_STRICT_OBJC_MSGSEND = YES;
				ENABLE_TESTABILITY = YES;
				GCC_C_LANGUAGE_STANDARD = gnu11;
				GCC_DYNAMIC_NO_PIC = NO;
				GCC_NO_COMMON_BLOCKS = YES;
				GCC_OPTIMIZATION_LEVEL = 0;
				GCC_PREPROCESSOR_DEFINITIONS = (
					"DEBUG=1",
					"$(inherited)",
				);
				GCC_WARN_64_TO_32_BIT_CONVERSION = YES;
				GCC_WARN_ABOUT_RETURN_TYPE = YES_ERROR;
				GCC_WARN_UNDECLARED_SELECTOR = YES;
				GCC_WARN_UNINITIALIZED_AUTOS = YES_AGGRESSIVE;
				GCC_WARN_UNUSED_FUNCTION = YES;
				GCC_WARN_UNUSED_VARIABLE = YES;
				IPHONEOS_DEPLOYMENT_TARGET = 16.4;
				MTL_ENABLE_DEBUG_INFO = INCLUDE_SOURCE;
				MTL_FAST_MATH = YES;
				ONLY_ACTIVE_ARCH = YES;
				SDKROOT = iphoneos;
				SWIFT_ACTIVE_COMPILATION_CONDITIONS = DEBUG;
				SWIFT_OPTIMIZATION_LEVEL = "-Onone";
			};
			name = Debug;
		};
		1B9194DB2C19A1E400C15F08 /* Release */ = {
			isa = XCBuildConfiguration;
			buildSettings = {
				ALWAYS_SEARCH_USER_PATHS = NO;
				CLANG_ANALYZER_NONNULL = YES;
				CLANG_ANALYZER_NUMBER_OBJECT_CONVERSION = YES_AGGRESSIVE;
				CLANG_CXX_LANGUAGE_STANDARD = "gnu++20";
				CLANG_ENABLE_MODULES = YES;
				CLANG_ENABLE_OBJC_ARC = YES;
				CLANG_ENABLE_OBJC_WEAK = YES;
				CLANG_WARN_BLOCK_CAPTURE_AUTORELEASING = YES;
				CLANG_WARN_BOOL_CONVERSION = YES;
				CLANG_WARN_COMMA = YES;
				CLANG_WARN_CONSTANT_CONVERSION = YES;
				CLANG_WARN_DEPRECATED_OBJC_IMPLEMENTATIONS = YES;
				CLANG_WARN_DIRECT_OBJC_ISA_USAGE = YES_ERROR;
				CLANG_WARN_DOCUMENTATION_COMMENTS = YES;
				CLANG_WARN_EMPTY_BODY = YES;
				CLANG_WARN_ENUM_CONVERSION = YES;
				CLANG_WARN_INFINITE_RECURSION = YES;
				CLANG_WARN_INT_CONVERSION = YES;
				CLANG_WARN_NON_LITERAL_NULL_CONVERSION = YES;
				CLANG_WARN_OBJC_IMPLICIT_RETAIN_SELF = YES;
				CLANG_WARN_OBJC_LITERAL_CONVERSION = YES;
				CLANG_WARN_OBJC_ROOT_CLASS = YES_ERROR;
				CLANG_WARN_QUOTED_INCLUDE_IN_FRAMEWORK_HEADER = YES;
				CLANG_WARN_RANGE_LOOP_ANALYSIS = YES;
				CLANG_WARN_STRICT_PROTOTYPES = YES;
				CLANG_WARN_SUSPICIOUS_MOVE = YES;
				CLANG_WARN_UNGUARDED_AVAILABILITY = YES_AGGRESSIVE;
				CLANG_WARN_UNREACHABLE_CODE = YES;
				CLANG_WARN__DUPLICATE_METHOD_MATCH = YES;
				COPY_PHASE_STRIP = NO;
				DEBUG_INFORMATION_FORMAT = "dwarf-with-dsym";
				ENABLE_NS_ASSERTIONS = NO;
				ENABLE_STRICT_OBJC_MSGSEND = YES;
				GCC_C_LANGUAGE_STANDARD = gnu11;
				GCC_NO_COMMON_BLOCKS = YES;
				GCC_WARN_64_TO_32_BIT_CONVERSION = YES;
				GCC_WARN_ABOUT_RETURN_TYPE = YES_ERROR;
				GCC_WARN_UNDECLARED_SELECTOR = YES;
				GCC_WARN_UNINITIALIZED_AUTOS = YES_AGGRESSIVE;
				GCC_WARN_UNUSED_FUNCTION = YES;
				GCC_WARN_UNUSED_VARIABLE = YES;
				IPHONEOS_DEPLOYMENT_TARGET = 16.4;
				MTL_ENABLE_DEBUG_INFO = NO;
				MTL_FAST_MATH = YES;
				SDKROOT = iphoneos;
				SWIFT_COMPILATION_MODE = wholemodule;
				SWIFT_OPTIMIZATION_LEVEL = "-O";
				VALIDATE_PRODUCT = YES;
			};
			name = Release;
		};
		1B9194DD2C19A1E400C15F08 /* Debug */ = {
			isa = XCBuildConfiguration;
			buildSettings = {
				ASSETCATALOG_COMPILER_APPICON_NAME = AppIcon;
				ASSETCATALOG_COMPILER_GLOBAL_ACCENT_COLOR_NAME = AccentColor;
				CODE_SIGN_STYLE = Automatic;
				CURRENT_PROJECT_VERSION = 1;
				GENERATE_INFOPLIST_FILE = YES;
				INFOPLIST_FILE = Navigation/Info.plist;
				INFOPLIST_KEY_UIApplicationSupportsIndirectInputEvents = YES;
				INFOPLIST_KEY_UILaunchStoryboardName = LaunchScreen;
				INFOPLIST_KEY_UIMainStoryboardFile = Main;
				INFOPLIST_KEY_UISupportedInterfaceOrientations_iPad = "UIInterfaceOrientationPortrait UIInterfaceOrientationPortraitUpsideDown UIInterfaceOrientationLandscapeLeft UIInterfaceOrientationLandscapeRight";
				INFOPLIST_KEY_UISupportedInterfaceOrientations_iPhone = "UIInterfaceOrientationPortrait UIInterfaceOrientationLandscapeLeft UIInterfaceOrientationLandscapeRight";
				LD_RUNPATH_SEARCH_PATHS = (
					"$(inherited)",
					"@executable_path/Frameworks",
				);
				MARKETING_VERSION = 1.0;
				PRODUCT_BUNDLE_IDENTIFIER = net.test.Navigation;
				PRODUCT_NAME = "$(TARGET_NAME)";
				SWIFT_EMIT_LOC_STRINGS = YES;
				SWIFT_VERSION = 5.0;
				TARGETED_DEVICE_FAMILY = "1,2";
			};
			name = Debug;
		};
		1B9194DE2C19A1E400C15F08 /* Release */ = {
			isa = XCBuildConfiguration;
			buildSettings = {
				ASSETCATALOG_COMPILER_APPICON_NAME = AppIcon;
				ASSETCATALOG_COMPILER_GLOBAL_ACCENT_COLOR_NAME = AccentColor;
				CODE_SIGN_STYLE = Automatic;
				CURRENT_PROJECT_VERSION = 1;
				GENERATE_INFOPLIST_FILE = YES;
				INFOPLIST_FILE = Navigation/Info.plist;
				INFOPLIST_KEY_UIApplicationSupportsIndirectInputEvents = YES;
				INFOPLIST_KEY_UILaunchStoryboardName = LaunchScreen;
				INFOPLIST_KEY_UIMainStoryboardFile = Main;
				INFOPLIST_KEY_UISupportedInterfaceOrientations_iPad = "UIInterfaceOrientationPortrait UIInterfaceOrientationPortraitUpsideDown UIInterfaceOrientationLandscapeLeft UIInterfaceOrientationLandscapeRight";
				INFOPLIST_KEY_UISupportedInterfaceOrientations_iPhone = "UIInterfaceOrientationPortrait UIInterfaceOrientationLandscapeLeft UIInterfaceOrientationLandscapeRight";
				LD_RUNPATH_SEARCH_PATHS = (
					"$(inherited)",
					"@executable_path/Frameworks",
				);
				MARKETING_VERSION = 1.0;
				PRODUCT_BUNDLE_IDENTIFIER = net.test.Navigation;
				PRODUCT_NAME = "$(TARGET_NAME)";
				SWIFT_EMIT_LOC_STRINGS = YES;
				SWIFT_VERSION = 5.0;
				TARGETED_DEVICE_FAMILY = "1,2";
			};
			name = Release;
		};
		1B9194E02C19A1E400C15F08 /* Debug */ = {
			isa = XCBuildConfiguration;
			buildSettings = {
				ALWAYS_EMBED_SWIFT_STANDARD_LIBRARIES = YES;
				BUNDLE_LOADER = "$(TEST_HOST)";
				CODE_SIGN_STYLE = Automatic;
				CURRENT_PROJECT_VERSION = 1;
				GENERATE_INFOPLIST_FILE = YES;
				IPHONEOS_DEPLOYMENT_TARGET = 16.4;
				MARKETING_VERSION = 1.0;
				PRODUCT_BUNDLE_IDENTIFIER = net.test.NavigationTests;
				PRODUCT_NAME = "$(TARGET_NAME)";
				SWIFT_EMIT_LOC_STRINGS = NO;
				SWIFT_VERSION = 5.0;
				TARGETED_DEVICE_FAMILY = "1,2";
				TEST_HOST = "$(BUILT_PRODUCTS_DIR)/Navigation.app/$(BUNDLE_EXECUTABLE_FOLDER_PATH)/Navigation";
			};
			name = Debug;
		};
		1B9194E12C19A1E400C15F08 /* Release */ = {
			isa = XCBuildConfiguration;
			buildSettings = {
				ALWAYS_EMBED_SWIFT_STANDARD_LIBRARIES = YES;
				BUNDLE_LOADER = "$(TEST_HOST)";
				CODE_SIGN_STYLE = Automatic;
				CURRENT_PROJECT_VERSION = 1;
				GENERATE_INFOPLIST_FILE = YES;
				IPHONEOS_DEPLOYMENT_TARGET = 16.4;
				MARKETING_VERSION = 1.0;
				PRODUCT_BUNDLE_IDENTIFIER = net.test.NavigationTests;
				PRODUCT_NAME = "$(TARGET_NAME)";
				SWIFT_EMIT_LOC_STRINGS = NO;
				SWIFT_VERSION = 5.0;
				TARGETED_DEVICE_FAMILY = "1,2";
				TEST_HOST = "$(BUILT_PRODUCTS_DIR)/Navigation.app/$(BUNDLE_EXECUTABLE_FOLDER_PATH)/Navigation";
			};
			name = Release;
		};
		1B9194E32C19A1E400C15F08 /* Debug */ = {
			isa = XCBuildConfiguration;
			buildSettings = {
				ALWAYS_EMBED_SWIFT_STANDARD_LIBRARIES = YES;
				CODE_SIGN_STYLE = Automatic;
				CURRENT_PROJECT_VERSION = 1;
				GENERATE_INFOPLIST_FILE = YES;
				MARKETING_VERSION = 1.0;
				PRODUCT_BUNDLE_IDENTIFIER = net.test.NavigationUITests;
				PRODUCT_NAME = "$(TARGET_NAME)";
				SWIFT_EMIT_LOC_STRINGS = NO;
				SWIFT_VERSION = 5.0;
				TARGETED_DEVICE_FAMILY = "1,2";
				TEST_TARGET_NAME = Navigation;
			};
			name = Debug;
		};
		1B9194E42C19A1E400C15F08 /* Release */ = {
			isa = XCBuildConfiguration;
			buildSettings = {
				ALWAYS_EMBED_SWIFT_STANDARD_LIBRARIES = YES;
				CODE_SIGN_STYLE = Automatic;
				CURRENT_PROJECT_VERSION = 1;
				GENERATE_INFOPLIST_FILE = YES;
				MARKETING_VERSION = 1.0;
				PRODUCT_BUNDLE_IDENTIFIER = net.test.NavigationUITests;
				PRODUCT_NAME = "$(TARGET_NAME)";
				SWIFT_EMIT_LOC_STRINGS = NO;
				SWIFT_VERSION = 5.0;
				TARGETED_DEVICE_FAMILY = "1,2";
				TEST_TARGET_NAME = Navigation;
			};
			name = Release;
		};
/* End XCBuildConfiguration section */

/* Begin XCConfigurationList section */
		1B9194AD2C19A1E200C15F08 /* Build configuration list for PBXProject "Navigation" */ = {
			isa = XCConfigurationList;
			buildConfigurations = (
				1B9194DA2C19A1E400C15F08 /* Debug */,
				1B9194DB2C19A1E400C15F08 /* Release */,
			);
			defaultConfigurationIsVisible = 0;
			defaultConfigurationName = Release;
		};
		1B9194DC2C19A1E400C15F08 /* Build configuration list for PBXNativeTarget "Navigation" */ = {
			isa = XCConfigurationList;
			buildConfigurations = (
				1B9194DD2C19A1E400C15F08 /* Debug */,
				1B9194DE2C19A1E400C15F08 /* Release */,
			);
			defaultConfigurationIsVisible = 0;
			defaultConfigurationName = Release;
		};
		1B9194DF2C19A1E400C15F08 /* Build configuration list for PBXNativeTarget "NavigationTests" */ = {
			isa = XCConfigurationList;
			buildConfigurations = (
				1B9194E02C19A1E400C15F08 /* Debug */,
				1B9194E12C19A1E400C15F08 /* Release */,
			);
			defaultConfigurationIsVisible = 0;
			defaultConfigurationName = Release;
		};
		1B9194E22C19A1E400C15F08 /* Build configuration list for PBXNativeTarget "NavigationUITests" */ = {
			isa = XCConfigurationList;
			buildConfigurations = (
				1B9194E32C19A1E400C15F08 /* Debug */,
				1B9194E42C19A1E400C15F08 /* Release */,
			);
			defaultConfigurationIsVisible = 0;
			defaultConfigurationName = Release;
		};
/* End XCConfigurationList section */
	};
	rootObject = 1B9194AA2C19A1E200C15F08 /* Project object */;
}
